
Microsoft Visual Studio Solution File, Format Version 12.00
# Visual Studio 15
VisualStudioVersion = 15.0.26020.0
MinimumVisualStudioVersion = 10.0.40219.1
Project("{FAE04EC0-301F-11D3-BF4B-00C04F79EFBC}") = "SEWA", "SEWA\SEWA.csproj", "{E6CC47A8-7E77-4157-A369-F9602BB5DC22}"
EndProject
Project("{FAE04EC0-301F-11D3-BF4B-00C04F79EFBC}") = "SEWA.Mod", "SEWA.Mod\SEWA.Mod.csproj", "{9AF96577-1525-412A-971C-B6780D10D23F}"
EndProject
Global
	GlobalSection(SolutionConfigurationPlatforms) = preSolution
		Debug|x64 = Debug|x64
		Release|x64 = Release|x64
	EndGlobalSection
	GlobalSection(ProjectConfigurationPlatforms) = postSolution
		{E6CC47A8-7E77-4157-A369-F9602BB5DC22}.Debug|x64.ActiveCfg = Debug|x64
		{E6CC47A8-7E77-4157-A369-F9602BB5DC22}.Debug|x64.Build.0 = Debug|x64
		{E6CC47A8-7E77-4157-A369-F9602BB5DC22}.Release|x64.ActiveCfg = Release|x64
		{E6CC47A8-7E77-4157-A369-F9602BB5DC22}.Release|x64.Build.0 = Release|x64
		{9AF96577-1525-412A-971C-B6780D10D23F}.Debug|x64.ActiveCfg = Debug|x64
		{9AF96577-1525-412A-971C-B6780D10D23F}.Debug|x64.Build.0 = Debug|x64
		{9AF96577-1525-412A-971C-B6780D10D23F}.Release|x64.ActiveCfg = Release|x64
		{9AF96577-1525-412A-971C-B6780D10D23F}.Release|x64.Build.0 = Release|x64
	EndGlobalSection
	GlobalSection(SolutionProperties) = preSolution
		HideSolutionNode = FALSE
	EndGlobalSection
EndGlobal
